
Microsoft Visual Studio Solution File, Format Version 12.00
# Visual Studio Version 17
VisualStudioVersion = 17.4.33213.308
MinimumVisualStudioVersion = 10.0.40219.1
Project("{9A19103F-16F7-4668-BE54-9A1E7A4F7556}") = "SphereOpt", "SphereOpt.csproj", "{B0CB2BF6-B5FE-462C-A292-21F36273DABC}"
EndProject
Global
	GlobalSection(SolutionConfigurationPlatforms) = preSolution
		Debug|Any CPU = Debug|Any CPU
		Release|Any CPU = Release|Any CPU
	EndGlobalSection
	GlobalSection(ProjectConfigurationPlatforms) = postSolution
		{B0CB2BF6-B5FE-462C-A292-21F36273DABC}.Debug|Any CPU.ActiveCfg = Debug|Any CPU
		{B0CB2BF6-B5FE-462C-A292-21F36273DABC}.Debug|Any CPU.Build.0 = Debug|Any CPU
		{B0CB2BF6-B5FE-462C-A292-21F36273DABC}.Release|Any CPU.ActiveCfg = Release|Any CPU
		{B0CB2BF6-B5FE-462C-A292-21F36273DABC}.Release|Any CPU.Build.0 = Release|Any CPU
	EndGlobalSection
	GlobalSection(SolutionProperties) = preSolution
		HideSolutionNode = FALSE
	EndGlobalSection
	GlobalSection(ExtensibilityGlobals) = postSolution
		SolutionGuid = {35DD321B-1781-4795-AD13-9E16A55CAAD9}
	EndGlobalSection
EndGlobal
